
Microsoft Visual Studio Solution File, Format Version 12.00
# Visual Studio 2012
Project("{FAE04EC0-301F-11D3-BF4B-00C04F79EFBC}") = "ParsSnip", "Inspektor\ParsSnip.csproj", "{D64B90F1-C7BE-4355-99B6-447BDCE16CA8}"
EndProject
Global
	GlobalSection(SolutionConfigurationPlatforms) = preSolution
		Debug|Any CPU = Debug|Any CPU
		Release|Any CPU = Release|Any CPU
	EndGlobalSection
	GlobalSection(ProjectConfigurationPlatforms) = postSolution
		{D64B90F1-C7BE-4355-99B6-447BDCE16CA8}.Debug|Any CPU.ActiveCfg = Debug|Any CPU
		{D64B90F1-C7BE-4355-99B6-447BDCE16CA8}.Debug|Any CPU.Build.0 = Debug|Any CPU
		{D64B90F1-C7BE-4355-99B6-447BDCE16CA8}.Release|Any CPU.ActiveCfg = Release|Any CPU
		{D64B90F1-C7BE-4355-99B6-447BDCE16CA8}.Release|Any CPU.Build.0 = Release|Any CPU
	EndGlobalSection
	GlobalSection(SolutionProperties) = preSolution
		HideSolutionNode = FALSE
	EndGlobalSection
EndGlobal
